
Microsoft Visual Studio Solution File, Format Version 12.00
Project("{FAE04EC0-301F-11D3-BF4B-00C04F79EFBC}") = "Domain", "Domain\Domain.csproj", "{08BE13F8-1AB2-42E6-9537-DAE0161A457A}"
EndProject
Project("{FAE04EC0-301F-11D3-BF4B-00C04F79EFBC}") = "Blazor", "Blazor\Blazor.csproj", "{DAB85908-F109-42B9-8ACC-C7897AC16E9D}"
EndProject
Project("{FAE04EC0-301F-11D3-BF4B-00C04F79EFBC}") = "WebAPI", "WebAPI\WebAPI.csproj", "{7EA101E8-8F08-4F1D-A825-E1C457558426}"
EndProject
Project("{FAE04EC0-301F-11D3-BF4B-00C04F79EFBC}") = "EfcData", "EfcData\EfcData.csproj", "{9119C2B6-2F92-4C17-8C8C-25C1F0E24C5F}"
EndProject
Global
	GlobalSection(SolutionConfigurationPlatforms) = preSolution
		Debug|Any CPU = Debug|Any CPU
		Release|Any CPU = Release|Any CPU
	EndGlobalSection
	GlobalSection(ProjectConfigurationPlatforms) = postSolution
		{08BE13F8-1AB2-42E6-9537-DAE0161A457A}.Debug|Any CPU.ActiveCfg = Debug|Any CPU
		{08BE13F8-1AB2-42E6-9537-DAE0161A457A}.Debug|Any CPU.Build.0 = Debug|Any CPU
		{08BE13F8-1AB2-42E6-9537-DAE0161A457A}.Release|Any CPU.ActiveCfg = Release|Any CPU
		{08BE13F8-1AB2-42E6-9537-DAE0161A457A}.Release|Any CPU.Build.0 = Release|Any CPU
		{DAB85908-F109-42B9-8ACC-C7897AC16E9D}.Debug|Any CPU.ActiveCfg = Debug|Any CPU
		{DAB85908-F109-42B9-8ACC-C7897AC16E9D}.Debug|Any CPU.Build.0 = Debug|Any CPU
		{DAB85908-F109-42B9-8ACC-C7897AC16E9D}.Release|Any CPU.ActiveCfg = Release|Any CPU
		{DAB85908-F109-42B9-8ACC-C7897AC16E9D}.Release|Any CPU.Build.0 = Release|Any CPU
		{7EA101E8-8F08-4F1D-A825-E1C457558426}.Debug|Any CPU.ActiveCfg = Debug|Any CPU
		{7EA101E8-8F08-4F1D-A825-E1C457558426}.Debug|Any CPU.Build.0 = Debug|Any CPU
		{7EA101E8-8F08-4F1D-A825-E1C457558426}.Release|Any CPU.ActiveCfg = Release|Any CPU
		{7EA101E8-8F08-4F1D-A825-E1C457558426}.Release|Any CPU.Build.0 = Release|Any CPU
		{9119C2B6-2F92-4C17-8C8C-25C1F0E24C5F}.Debug|Any CPU.ActiveCfg = Debug|Any CPU
		{9119C2B6-2F92-4C17-8C8C-25C1F0E24C5F}.Debug|Any CPU.Build.0 = Debug|Any CPU
		{9119C2B6-2F92-4C17-8C8C-25C1F0E24C5F}.Release|Any CPU.ActiveCfg = Release|Any CPU
		{9119C2B6-2F92-4C17-8C8C-25C1F0E24C5F}.Release|Any CPU.Build.0 = Release|Any CPU
	EndGlobalSection
EndGlobal
